
Microsoft Visual Studio Solution File, Format Version 11.00
# Visual Studio 2010
Project("{FAE04EC0-301F-11D3-BF4B-00C04F79EFBC}") = "Chaos", "Assembly-CSharp-firstpass.csproj", "{A1DF56DD-0082-7B92-E521-9BA041419598}"
EndProject
Project("{FAE04EC0-301F-11D3-BF4B-00C04F79EFBC}") = "Chaos", "Assembly-CSharp.csproj", "{E6915411-7C9E-0701-7535-87615D975C5B}"
EndProject
Project("{FAE04EC0-301F-11D3-BF4B-00C04F79EFBC}") = "Chaos", "Assembly-CSharp-Editor.csproj", "{FD694C4D-BD2C-BEB4-1603-9BB891DE45C2}"
EndProject
Global
	GlobalSection(SolutionConfigurationPlatforms) = preSolution
		Debug|Any CPU = Debug|Any CPU
		Release|Any CPU = Release|Any CPU
	EndGlobalSection
	GlobalSection(ProjectConfigurationPlatforms) = postSolution
		{A1DF56DD-0082-7B92-E521-9BA041419598}.Debug|Any CPU.ActiveCfg = Debug|Any CPU
		{A1DF56DD-0082-7B92-E521-9BA041419598}.Debug|Any CPU.Build.0 = Debug|Any CPU
		{A1DF56DD-0082-7B92-E521-9BA041419598}.Release|Any CPU.ActiveCfg = Release|Any CPU
		{A1DF56DD-0082-7B92-E521-9BA041419598}.Release|Any CPU.Build.0 = Release|Any CPU
		{E6915411-7C9E-0701-7535-87615D975C5B}.Debug|Any CPU.ActiveCfg = Debug|Any CPU
		{E6915411-7C9E-0701-7535-87615D975C5B}.Debug|Any CPU.Build.0 = Debug|Any CPU
		{E6915411-7C9E-0701-7535-87615D975C5B}.Release|Any CPU.ActiveCfg = Release|Any CPU
		{E6915411-7C9E-0701-7535-87615D975C5B}.Release|Any CPU.Build.0 = Release|Any CPU
		{FD694C4D-BD2C-BEB4-1603-9BB891DE45C2}.Debug|Any CPU.ActiveCfg = Debug|Any CPU
		{FD694C4D-BD2C-BEB4-1603-9BB891DE45C2}.Debug|Any CPU.Build.0 = Debug|Any CPU
		{FD694C4D-BD2C-BEB4-1603-9BB891DE45C2}.Release|Any CPU.ActiveCfg = Release|Any CPU
		{FD694C4D-BD2C-BEB4-1603-9BB891DE45C2}.Release|Any CPU.Build.0 = Release|Any CPU
	EndGlobalSection
	GlobalSection(SolutionProperties) = preSolution
		HideSolutionNode = FALSE
	EndGlobalSection
	GlobalSection(MonoDevelopProperties) = preSolution
		StartupItem = Assembly-CSharp.csproj
	EndGlobalSection
EndGlobal
